// !$*UTF8*$!
{
	archiveVersion = 1;
	classes = {
	};
	objectVersion = 50;
	objects = {

/* Begin PBXBuildFile section */
		1EC5C94C25AFDA2E00E94676 /* AppDelegate.swift in Sources */ = {isa = PBXBuildFile; fileRef = 1EC5C94B25AFDA2E00E94676 /* AppDelegate.swift */; };
		1EC5C94E25AFDA2E00E94676 /* SceneDelegate.swift in Sources */ = {isa = PBXBuildFile; fileRef = 1EC5C94D25AFDA2E00E94676 /* SceneDelegate.swift */; };
		1EC5C95025AFDA2E00E94676 /* ViewController.swift in Sources */ = {isa = PBXBuildFile; fileRef = 1EC5C94F25AFDA2E00E94676 /* ViewController.swift */; };
		1EC5C95325AFDA2E00E94676 /* Main.storyboard in Resources */ = {isa = PBXBuildFile; fileRef = 1EC5C95125AFDA2E00E94676 /* Main.storyboard */; };
		1EC5C95525AFDA3100E94676 /* Assets.xcassets in Resources */ = {isa = PBXBuildFile; fileRef = 1EC5C95425AFDA3100E94676 /* Assets.xcassets */; };
		1EC5C95825AFDA3100E94676 /* LaunchScreen.storyboard in Resources */ = {isa = PBXBuildFile; fileRef = 1EC5C95625AFDA3100E94676 /* LaunchScreen.storyboard */; };
		1EC5C96325AFDA3100E94676 /* Tip_CalculatorTests.swift in Sources */ = {isa = PBXBuildFile; fileRef = 1EC5C96225AFDA3100E94676 /* Tip_CalculatorTests.swift */; };
		1EC5C96E25AFDA3100E94676 /* Tip_CalculatorUITests.swift in Sources */ = {isa = PBXBuildFile; fileRef = 1EC5C96D25AFDA3100E94676 /* Tip_CalculatorUITests.swift */; };
/* End PBXBuildFile section */

/* Begin PBXContainerItemProxy section */
		1EC5C95F25AFDA3100E94676 /* PBXContainerItemProxy */ = {
			isa = PBXContainerItemProxy;
			containerPortal = 1EC5C94025AFDA2E00E94676 /* Project object */;
			proxyType = 1;
			remoteGlobalIDString = 1EC5C94725AFDA2E00E94676;
			remoteInfo = "Tip Calculator";
		};
		1EC5C96A25AFDA3100E94676 /* PBXContainerItemProxy */ = {
			isa = PBXContainerItemProxy;
			containerPortal = 1EC5C94025AFDA2E00E94676 /* Project object */;
			proxyType = 1;
			remoteGlobalIDString = 1EC5C94725AFDA2E00E94676;
			remoteInfo = "Tip Calculator";
		};
/* End PBXContainerItemProxy section */

/* Begin PBXFileReference section */
		1EC5C94825AFDA2E00E94676 /* Tip Calculator.app */ = {isa = PBXFileReference; explicitFileType = wrapper.application; includeInIndex = 0; path = "Tip Calculator.app"; sourceTree = BUILT_PRODUCTS_DIR; };
		1EC5C94B25AFDA2E00E94676 /* AppDelegate.swift */ = {isa = PBXFileReference; lastKnownFileType = sourcecode.swift; path = AppDelegate.swift; sourceTree = "<group>"; };
		1EC5C94D25AFDA2E00E94676 /* SceneDelegate.swift */ = {isa = PBXFileReference; lastKnownFileType = sourcecode.swift; path = SceneDelegate.swift; sourceTree = "<group>"; };
		1EC5C94F25AFDA2E00E94676 /* ViewController.swift */ = {isa = PBXFileReference; lastKnownFileType = sourcecode.swift; path = ViewController.swift; sourceTree = "<group>"; };
		1EC5C95225AFDA2E00E94676 /* Base */ = {isa = PBXFileReference; lastKnownFileType = file.storyboard; name = Base; path = Base.lproj/Main.storyboard; sourceTree = "<group>"; };
		1EC5C95425AFDA3100E94676 /* Assets.xcassets */ = {isa = PBXFileReference; lastKnownFileType = folder.assetcatalog; path = Assets.xcassets; sourceTree = "<group>"; };
		1EC5C95725AFDA3100E94676 /* Base */ = {isa = PBXFileReference; lastKnownFileType = file.storyboard; name = Base; path = Base.lproj/LaunchScreen.storyboard; sourceTree = "<group>"; };
		1EC5C95925AFDA3100E94676 /* Info.plist */ = {isa = PBXFileReference; lastKnownFileType = text.plist.xml; path = Info.plist; sourceTree = "<group>"; };
		1EC5C95E25AFDA3100E94676 /* Tip CalculatorTests.xctest */ = {isa = PBXFileReference; explicitFileType = wrapper.cfbundle; includeInIndex = 0; path = "Tip CalculatorTests.xctest"; sourceTree = BUILT_PRODUCTS_DIR; };
		1EC5C96225AFDA3100E94676 /* Tip_CalculatorTests.swift */ = {isa = PBXFileReference; lastKnownFileType = sourcecode.swift; path = Tip_CalculatorTests.swift; sourceTree = "<group>"; };
		1EC5C96425AFDA3100E94676 /* Info.plist */ = {isa = PBXFileReference; lastKnownFileType = text.plist.xml; path = Info.plist; sourceTree = "<group>"; };
		1EC5C96925AFDA3100E94676 /* Tip CalculatorUITests.xctest */ = {isa = PBXFileReference; explicitFileType = wrapper.cfbundle; includeInIndex = 0; path = "Tip CalculatorUITests.xctest"; sourceTree = BUILT_PRODUCTS_DIR; };
		1EC5C96D25AFDA3100E94676 /* Tip_CalculatorUITests.swift */ = {isa = PBXFileReference; lastKnownFileType = sourcecode.swift; path = Tip_CalculatorUITests.swift; sourceTree = "<group>"; };
		1EC5C96F25AFDA3100E94676 /* Info.plist */ = {isa = PBXFileReference; lastKnownFileType = text.plist.xml; path = Info.plist; sourceTree = "<group>"; };
/* End PBXFileReference section */

/* Begin PBXFrameworksBuildPhase section */
		1EC5C94525AFDA2E00E94676 /* Frameworks */ = {
			isa = PBXFrameworksBuildPhase;
			buildActionMask = 2147483647;
			files = (
			);
			runOnlyForDeploymentPostprocessing = 0;
		};
		1EC5C95B25AFDA3100E94676 /* Frameworks */ = {
			isa = PBXFrameworksBuildPhase;
			buildActionMask = 2147483647;
			files = (
			);
			runOnlyForDeploymentPostprocessing = 0;
		};
		1EC5C96625AFDA3100E94676 /* Frameworks */ = {
			isa = PBXFrameworksBuildPhase;
			buildActionMask = 2147483647;
			files = (
			);
			runOnlyForDeploymentPostprocessing = 0;
		};
/* End PBXFrameworksBuildPhase section */

/* Begin PBXGroup section */
		1EC5C93F25AFDA2E00E94676 = {
			isa = PBXGroup;
			children = (
				1EC5C94A25AFDA2E00E94676 /* Tip Calculator */,
				1EC5C96125AFDA3100E94676 /* Tip CalculatorTests */,
				1EC5C96C25AFDA3100E94676 /* Tip CalculatorUITests */,
				1EC5C94925AFDA2E00E94676 /* Products */,
			);
			sourceTree = "<group>";
		};
		1EC5C94925AFDA2E00E94676 /* Products */ = {
			isa = PBXGroup;
			children = (
				1EC5C94825AFDA2E00E94676 /* Tip Calculator.app */,
				1EC5C95E25AFDA3100E94676 /* Tip CalculatorTests.xctest */,
				1EC5C96925AFDA3100E94676 /* Tip CalculatorUITests.xctest */,
			);
			name = Products;
			sourceTree = "<group>";
		};
		1EC5C94A25AFDA2E00E94676 /* Tip Calculator */ = {
			isa = PBXGroup;
			children = (
				1EC5C94F25AFDA2E00E94676 /* ViewController.swift */,
				1EC5C94B25AFDA2E00E94676 /* AppDelegate.swift */,
				1EC5C94D25AFDA2E00E94676 /* SceneDelegate.swift */,
				1EC5C95125AFDA2E00E94676 /* Main.storyboard */,
				1EC5C95425AFDA3100E94676 /* Assets.xcassets */,
				1EC5C95625AFDA3100E94676 /* LaunchScreen.storyboard */,
				1EC5C95925AFDA3100E94676 /* Info.plist */,
			);
			path = "Tip Calculator";
			sourceTree = "<group>";
		};
		1EC5C96125AFDA3100E94676 /* Tip CalculatorTests */ = {
			isa = PBXGroup;
			children = (
				1EC5C96225AFDA3100E94676 /* Tip_CalculatorTests.swift */,
				1EC5C96425AFDA3100E94676 /* Info.plist */,
			);
			path = "Tip CalculatorTests";
			sourceTree = "<group>";
		};
		1EC5C96C25AFDA3100E94676 /* Tip CalculatorUITests */ = {
			isa = PBXGroup;
			children = (
				1EC5C96D25AFDA3100E94676 /* Tip_CalculatorUITests.swift */,
				1EC5C96F25AFDA3100E94676 /* Info.plist */,
			);
			path = "Tip CalculatorUITests";
			sourceTree = "<group>";
		};
/* End PBXGroup section */

/* Begin PBXNativeTarget section */
		1EC5C94725AFDA2E00E94676 /* Tip Calculator */ = {
			isa = PBXNativeTarget;
			buildConfigurationList = 1EC5C97225AFDA3100E94676 /* Build configuration list for PBXNativeTarget "Tip Calculator" */;
			buildPhases = (
				1EC5C94425AFDA2E00E94676 /* Sources */,
				1EC5C94525AFDA2E00E94676 /* Frameworks */,
				1EC5C94625AFDA2E00E94676 /* Resources */,
			);
			buildRules = (
			);
			dependencies = (
			);
			name = "Tip Calculator";
			productName = "Tip Calculator";
			productReference = 1EC5C94825AFDA2E00E94676 /* Tip Calculator.app */;
			productType = "com.apple.product-type.application";
		};
		1EC5C95D25AFDA3100E94676 /* Tip CalculatorTests */ = {
			isa = PBXNativeTarget;
			buildConfigurationList = 1EC5C97525AFDA3100E94676 /* Build configuration list for PBXNativeTarget "Tip CalculatorTests" */;
			buildPhases = (
				1EC5C95A25AFDA3100E94676 /* Sources */,
				1EC5C95B25AFDA3100E94676 /* Frameworks */,
				1EC5C95C25AFDA3100E94676 /* Resources */,
			);
			buildRules = (
			);
			dependencies = (
				1EC5C96025AFDA3100E94676 /* PBXTargetDependency */,
			);
			name = "Tip CalculatorTests";
			productName = "Tip CalculatorTests";
			productReference = 1EC5C95E25AFDA3100E94676 /* Tip CalculatorTests.xctest */;
			productType = "com.apple.product-type.bundle.unit-test";
		};
		1EC5C96825AFDA3100E94676 /* Tip CalculatorUITests */ = {
			isa = PBXNativeTarget;
			buildConfigurationList = 1EC5C97825AFDA3100E94676 /* Build configuration list for PBXNativeTarget "Tip CalculatorUITests" */;
			buildPhases = (
				1EC5C96525AFDA3100E94676 /* Sources */,
				1EC5C96625AFDA3100E94676 /* Frameworks */,
				1EC5C96725AFDA3100E94676 /* Resources */,
			);
			buildRules = (
			);
			dependencies = (
				1EC5C96B25AFDA3100E94676 /* PBXTargetDependency */,
			);
			name = "Tip CalculatorUITests";
			productName = "Tip CalculatorUITests";
			productReference = 1EC5C96925AFDA3100E94676 /* Tip CalculatorUITests.xctest */;
			productType = "com.apple.product-type.bundle.ui-testing";
		};
/* End PBXNativeTarget section */

/* Begin PBXProject section */
		1EC5C94025AFDA2E00E94676 /* Project object */ = {
			isa = PBXProject;
			attributes = {
				LastSwiftUpdateCheck = 1230;
				LastUpgradeCheck = 1230;
				TargetAttributes = {
					1EC5C94725AFDA2E00E94676 = {
						CreatedOnToolsVersion = 12.3;
					};
					1EC5C95D25AFDA3100E94676 = {
						CreatedOnToolsVersion = 12.3;
						TestTargetID = 1EC5C94725AFDA2E00E94676;
					};
					1EC5C96825AFDA3100E94676 = {
						CreatedOnToolsVersion = 12.3;
						TestTargetID = 1EC5C94725AFDA2E00E94676;
					};
				};
			};
			buildConfigurationList = 1EC5C94325AFDA2E00E94676 /* Build configuration list for PBXProject "Tip Calculator" */;
			compatibilityVersion = "Xcode 9.3";
			developmentRegion = en;
			hasScannedForEncodings = 0;
			knownRegions = (
				en,
				Base,
			);
			mainGroup = 1EC5C93F25AFDA2E00E94676;
			productRefGroup = 1EC5C94925AFDA2E00E94676 /* Products */;
			projectDirPath = "";
			projectRoot = "";
			targets = (
				1EC5C94725AFDA2E00E94676 /* Tip Calculator */,
				1EC5C95D25AFDA3100E94676 /* Tip CalculatorTests */,
				1EC5C96825AFDA3100E94676 /* Tip CalculatorUITests */,
			);
		};
/* End PBXProject section */

/* Begin PBXResourcesBuildPhase section */
		1EC5C94625AFDA2E00E94676 /* Resources */ = {
			isa = PBXResourcesBuildPhase;
			buildActionMask = 2147483647;
			files = (
				1EC5C95825AFDA3100E94676 /* LaunchScreen.storyboard in Resources */,
				1EC5C95525AFDA3100E94676 /* Assets.xcassets in Resources */,
				1EC5C95325AFDA2E00E94676 /* Main.storyboard in Resources */,
			);
			runOnlyForDeploymentPostprocessing = 0;
		};
		1EC5C95C25AFDA3100E94676 /* Resources */ = {
			isa = PBXResourcesBuildPhase;
			buildActionMask = 2147483647;
			files = (
			);
			runOnlyForDeploymentPostprocessing = 0;
		};
		1EC5C96725AFDA3100E94676 /* Resources */ = {
			isa = PBXResourcesBuildPhase;
			buildActionMask = 2147483647;
			files = (
			);
			runOnlyForDeploymentPostprocessing = 0;
		};
/* End PBXResourcesBuildPhase section */

/* Begin PBXSourcesBuildPhase section */
		1EC5C94425AFDA2E00E94676 /* Sources */ = {
			isa = PBXSourcesBuildPhase;
			buildActionMask = 2147483647;
			files = (
				1EC5C95025AFDA2E00E94676 /* ViewController.swift in Sources */,
				1EC5C94C25AFDA2E00E94676 /* AppDelegate.swift in Sources */,
				1EC5C94E25AFDA2E00E94676 /* SceneDelegate.swift in Sources */,
			);
			runOnlyForDeploymentPostprocessing = 0;
		};
		1EC5C95A25AFDA3100E94676 /* Sources */ = {
			isa = PBXSourcesBuildPhase;
			buildActionMask = 2147483647;
			files = (
				1EC5C96325AFDA3100E94676 /* Tip_CalculatorTests.swift in Sources */,
			);
			runOnlyForDeploymentPostprocessing = 0;
		};
		1EC5C96525AFDA3100E94676 /* Sources */ = {
			isa = PBXSourcesBuildPhase;
			buildActionMask = 2147483647;
			files = (
				1EC5C96E25AFDA3100E94676 /* Tip_CalculatorUITests.swift in Sources */,
			);
			runOnlyForDeploymentPostprocessing = 0;
		};
/* End PBXSourcesBuildPhase section */

/* Begin PBXTargetDependency section */
		1EC5C96025AFDA3100E94676 /* PBXTargetDependency */ = {
			isa = PBXTargetDependency;
			target = 1EC5C94725AFDA2E00E94676 /* Tip Calculator */;
			targetProxy = 1EC5C95F25AFDA3100E94676 /* PBXContainerItemProxy */;
		};
		1EC5C96B25AFDA3100E94676 /* PBXTargetDependency */ = {
			isa = PBXTargetDependency;
			target = 1EC5C94725AFDA2E00E94676 /* Tip Calculator */;
			targetProxy = 1EC5C96A25AFDA3100E94676 /* PBXContainerItemProxy */;
		};
/* End PBXTargetDependency section */

/* Begin PBXVariantGroup section */
		1EC5C95125AFDA2E00E94676 /* Main.storyboard */ = {
			isa = PBXVariantGroup;
			children = (
				1EC5C95225AFDA2E00E94676 /* Base */,
			);
			name = Main.storyboard;
			sourceTree = "<group>";
		};
		1EC5C95625AFDA3100E94676 /* LaunchScreen.storyboard */ = {
			isa = PBXVariantGroup;
			children = (
				1EC5C95725AFDA3100E94676 /* Base */,
			);
			name = LaunchScreen.storyboard;
			sourceTree = "<group>";
		};
/* End PBXVariantGroup section */

/* Begin XCBuildConfiguration section */
		1EC5C97025AFDA3100E94676 /* Debug */ = {
			isa = XCBuildConfiguration;
			buildSettings = {
				ALWAYS_SEARCH_USER_PATHS = NO;
				CLANG_ANALYZER_NONNULL = YES;
				CLANG_ANALYZER_NUMBER_OBJECT_CONVERSION = YES_AGGRESSIVE;
				CLANG_CXX_LANGUAGE_STANDARD = "gnu++14";
				CLANG_CXX_LIBRARY = "libc++";
				CLANG_ENABLE_MODULES = YES;
				CLANG_ENABLE_OBJC_ARC = YES;
				CLANG_ENABLE_OBJC_WEAK = YES;
				CLANG_WARN_BLOCK_CAPTURE_AUTORELEASING = YES;
				CLANG_WARN_BOOL_CONVERSION = YES;
				CLANG_WARN_COMMA = YES;
				CLANG_WARN_CONSTANT_CONVERSION = YES;
				CLANG_WARN_DEPRECATED_OBJC_IMPLEMENTATIONS = YES;
				CLANG_WARN_DIRECT_OBJC_ISA_USAGE = YES_ERROR;
				CLANG_WARN_DOCUMENTATION_COMMENTS = YES;
				CLANG_WARN_EMPTY_BODY = YES;
				CLANG_WARN_ENUM_CONVERSION = YES;
				CLANG_WARN_INFINITE_RECURSION = YES;
				CLANG_WARN_INT_CONVERSION = YES;
				CLANG_WARN_NON_LITERAL_NULL_CONVERSION = YES;
				CLANG_WARN_OBJC_IMPLICIT_RETAIN_SELF = YES;
				CLANG_WARN_OBJC_LITERAL_CONVERSION = YES;
				CLANG_WARN_OBJC_ROOT_CLASS = YES_ERROR;
				CLANG_WARN_QUOTED_INCLUDE_IN_FRAMEWORK_HEADER = YES;
				CLANG_WARN_RANGE_LOOP_ANALYSIS = YES;
				CLANG_WARN_STRICT_PROTOTYPES = YES;
				CLANG_WARN_SUSPICIOUS_MOVE = YES;
				CLANG_WARN_UNGUARDED_AVAILABILITY = YES_AGGRESSIVE;
				CLANG_WARN_UNREACHABLE_CODE = YES;
				CLANG_WARN__DUPLICATE_METHOD_MATCH = YES;
				COPY_PHASE_STRIP = NO;
				DEBUG_INFORMATION_FORMAT = dwarf;
				ENABLE_STRICT_OBJC_MSGSEND = YES;
				ENABLE_TESTABILITY = YES;
				GCC_C_LANGUAGE_STANDARD = gnu11;
				GCC_DYNAMIC_NO_PIC = NO;
				GCC_NO_COMMON_BLOCKS = YES;
				GCC_OPTIMIZATION_LEVEL = 0;
				GCC_PREPROCESSOR_DEFINITIONS = (
					"DEBUG=1",
					"$(inherited)",
				);
				GCC_WARN_64_TO_32_BIT_CONVERSION = YES;
				GCC_WARN_ABOUT_RETURN_TYPE = YES_ERROR;
				GCC_WARN_UNDECLARED_SELECTOR = YES;
				GCC_WARN_UNINITIALIZED_AUTOS = YES_AGGRESSIVE;
				GCC_WARN_UNUSED_FUNCTION = YES;
				GCC_WARN_UNUSED_VARIABLE = YES;
				IPHONEOS_DEPLOYMENT_TARGET = 14.3;
				MTL_ENABLE_DEBUG_INFO = INCLUDE_SOURCE;
				MTL_FAST_MATH = YES;
				ONLY_ACTIVE_ARCH = YES;
				SDKROOT = iphoneos;
				SWIFT_ACTIVE_COMPILATION_CONDITIONS = DEBUG;
				SWIFT_OPTIMIZATION_LEVEL = "-Onone";
			};
			name = Debug;
		};
		1EC5C97125AFDA3100E94676 /* Release */ = {
			isa = XCBuildConfiguration;
			buildSettings = {
				ALWAYS_SEARCH_USER_PATHS = NO;
				CLANG_ANALYZER_NONNULL = YES;
				CLANG_ANALYZER_NUMBER_OBJECT_CONVERSION = YES_AGGRESSIVE;
				CLANG_CXX_LANGUAGE_STANDARD = "gnu++14";
				CLANG_CXX_LIBRARY = "libc++";
				CLANG_ENABLE_MODULES = YES;
				CLANG_ENABLE_OBJC_ARC = YES;
				CLANG_ENABLE_OBJC_WEAK = YES;
				CLANG_WARN_BLOCK_CAPTURE_AUTORELEASING = YES;
				CLANG_WARN_BOOL_CONVERSION = YES;
				CLANG_WARN_COMMA = YES;
				CLANG_WARN_CONSTANT_CONVERSION = YES;
				CLANG_WARN_DEPRECATED_OBJC_IMPLEMENTATIONS = YES;
				CLANG_WARN_DIRECT_OBJC_ISA_USAGE = YES_ERROR;
				CLANG_WARN_DOCUMENTATION_COMMENTS = YES;
				CLANG_WARN_EMPTY_BODY = YES;
				CLANG_WARN_ENUM_CONVERSION = YES;
				CLANG_WARN_INFINITE_RECURSION = YES;
				CLANG_WARN_INT_CONVERSION = YES;
				CLANG_WARN_NON_LITERAL_NULL_CONVERSION = YES;
				CLANG_WARN_OBJC_IMPLICIT_RETAIN_SELF = YES;
				CLANG_WARN_OBJC_LITERAL_CONVERSION = YES;
				CLANG_WARN_OBJC_ROOT_CLASS = YES_ERROR;
				CLANG_WARN_QUOTED_INCLUDE_IN_FRAMEWORK_HEADER = YES;
				CLANG_WARN_RANGE_LOOP_ANALYSIS = YES;
				CLANG_WARN_STRICT_PROTOTYPES = YES;
				CLANG_WARN_SUSPICIOUS_MOVE = YES;
				CLANG_WARN_UNGUARDED_AVAILABILITY = YES_AGGRESSIVE;
				CLANG_WARN_UNREACHABLE_CODE = YES;
				CLANG_WARN__DUPLICATE_METHOD_MATCH = YES;
				COPY_PHASE_STRIP = NO;
				DEBUG_INFORMATION_FORMAT = "dwarf-with-dsym";
				ENABLE_NS_ASSERTIONS = NO;
				ENABLE_STRICT_OBJC_MSGSEND = YES;
				GCC_C_LANGUAGE_STANDARD = gnu11;
				GCC_NO_COMMON_BLOCKS = YES;
				GCC_WARN_64_TO_32_BIT_CONVERSION = YES;
				GCC_WARN_ABOUT_RETURN_TYPE = YES_ERROR;
				GCC_WARN_UNDECLARED_SELECTOR = YES;
				GCC_WARN_UNINITIALIZED_AUTOS = YES_AGGRESSIVE;
				GCC_WARN_UNUSED_FUNCTION = YES;
				GCC_WARN_UNUSED_VARIABLE = YES;
				IPHONEOS_DEPLOYMENT_TARGET = 14.3;
				MTL_ENABLE_DEBUG_INFO = NO;
				MTL_FAST_MATH = YES;
				SDKROOT = iphoneos;
				SWIFT_COMPILATION_MODE = wholemodule;
				SWIFT_OPTIMIZATION_LEVEL = "-O";
				VALIDATE_PRODUCT = YES;
			};
			name = Release;
		};
		1EC5C97325AFDA3100E94676 /* Debug */ = {
			isa = XCBuildConfiguration;
			buildSettings = {
				ASSETCATALOG_COMPILER_APPICON_NAME = AppIcon;
				ASSETCATALOG_COMPILER_GLOBAL_ACCENT_COLOR_NAME = AccentColor;
				CODE_SIGN_STYLE = Automatic;
				INFOPLIST_FILE = "Tip Calculator/Info.plist";
				LD_RUNPATH_SEARCH_PATHS = (
					"$(inherited)",
					"@executable_path/Frameworks",
				);
				PRODUCT_BUNDLE_IDENTIFIER = "CodePath.Tip-Calculator";
				PRODUCT_NAME = "$(TARGET_NAME)";
				SWIFT_VERSION = 5.0;
				TARGETED_DEVICE_FAMILY = "1,2";
			};
			name = Debug;
		};
		1EC5C97425AFDA3100E94676 /* Release */ = {
			isa = XCBuildConfiguration;
			buildSettings = {
				ASSETCATALOG_COMPILER_APPICON_NAME = AppIcon;
				ASSETCATALOG_COMPILER_GLOBAL_ACCENT_COLOR_NAME = AccentColor;
				CODE_SIGN_STYLE = Automatic;
				INFOPLIST_FILE = "Tip Calculator/Info.plist";
				LD_RUNPATH_SEARCH_PATHS = (
					"$(inherited)",
					"@executable_path/Frameworks",
				);
				PRODUCT_BUNDLE_IDENTIFIER = "CodePath.Tip-Calculator";
				PRODUCT_NAME = "$(TARGET_NAME)";
				SWIFT_VERSION = 5.0;
				TARGETED_DEVICE_FAMILY = "1,2";
			};
			name = Release;
		};
		1EC5C97625AFDA3100E94676 /* Debug */ = {
			isa = XCBuildConfiguration;
			buildSettings = {
				ALWAYS_EMBED_SWIFT_STANDARD_LIBRARIES = YES;
				BUNDLE_LOADER = "$(TEST_HOST)";
				CODE_SIGN_STYLE = Automatic;
				INFOPLIST_FILE = "Tip CalculatorTests/Info.plist";
				IPHONEOS_DEPLOYMENT_TARGET = 14.3;
				LD_RUNPATH_SEARCH_PATHS = (
					"$(inherited)",
					"@executable_path/Frameworks",
					"@loader_path/Frameworks",
				);
				PRODUCT_BUNDLE_IDENTIFIER = "CodePath.Tip-CalculatorTests";
				PRODUCT_NAME = "$(TARGET_NAME)";
				SWIFT_VERSION = 5.0;
				TARGETED_DEVICE_FAMILY = "1,2";
				TEST_HOST = "$(BUILT_PRODUCTS_DIR)/Tip Calculator.app/Tip Calculator";
			};
			name = Debug;
		};
		1EC5C97725AFDA3100E94676 /* Release */ = {
			isa = XCBuildConfiguration;
			buildSettings = {
				ALWAYS_EMBED_SWIFT_STANDARD_LIBRARIES = YES;
				BUNDLE_LOADER = "$(TEST_HOST)";
				CODE_SIGN_STYLE = Automatic;
				INFOPLIST_FILE = "Tip CalculatorTests/Info.plist";
				IPHONEOS_DEPLOYMENT_TARGET = 14.3;
				LD_RUNPATH_SEARCH_PATHS = (
					"$(inherited)",
					"@executable_path/Frameworks",
					"@loader_path/Frameworks",
				);
				PRODUCT_BUNDLE_IDENTIFIER = "CodePath.Tip-CalculatorTests";
				PRODUCT_NAME = "$(TARGET_NAME)";
				SWIFT_VERSION = 5.0;
				TARGETED_DEVICE_FAMILY = "1,2";
				TEST_HOST = "$(BUILT_PRODUCTS_DIR)/Tip Calculator.app/Tip Calculator";
			};
			name = Release;
		};
		1EC5C97925AFDA3100E94676 /* Debug */ = {
			isa = XCBuildConfiguration;
			buildSettings = {
				ALWAYS_EMBED_SWIFT_STANDARD_LIBRARIES = YES;
				CODE_SIGN_STYLE = Automatic;
				INFOPLIST_FILE = "Tip CalculatorUITests/Info.plist";
				LD_RUNPATH_SEARCH_PATHS = (
					"$(inherited)",
					"@executable_path/Frameworks",
					"@loader_path/Frameworks",
				);
				PRODUCT_BUNDLE_IDENTIFIER = "CodePath.Tip-CalculatorUITests";
				PRODUCT_NAME = "$(TARGET_NAME)";
				SWIFT_VERSION = 5.0;
				TARGETED_DEVICE_FAMILY = "1,2";
				TEST_TARGET_NAME = "Tip Calculator";
			};
			name = Debug;
		};
		1EC5C97A25AFDA3100E94676 /* Release */ = {
			isa = XCBuildConfiguration;
			buildSettings = {
				ALWAYS_EMBED_SWIFT_STANDARD_LIBRARIES = YES;
				CODE_SIGN_STYLE = Automatic;
				INFOPLIST_FILE = "Tip CalculatorUITests/Info.plist";
				LD_RUNPATH_SEARCH_PATHS = (
					"$(inherited)",
					"@executable_path/Frameworks",
					"@loader_path/Frameworks",
				);
				PRODUCT_BUNDLE_IDENTIFIER = "CodePath.Tip-CalculatorUITests";
				PRODUCT_NAME = "$(TARGET_NAME)";
				SWIFT_VERSION = 5.0;
				TARGETED_DEVICE_FAMILY = "1,2";
				TEST_TARGET_NAME = "Tip Calculator";
			};
			name = Release;
		};
/* End XCBuildConfiguration section */

/* Begin XCConfigurationList section */
		1EC5C94325AFDA2E00E94676 /* Build configuration list for PBXProject "Tip Calculator" */ = {
			isa = XCConfigurationList;
			buildConfigurations = (
				1EC5C97025AFDA3100E94676 /* Debug */,
				1EC5C97125AFDA3100E94676 /* Release */,
			);
			defaultConfigurationIsVisible = 0;
			defaultConfigurationName = Release;
		};
		1EC5C97225AFDA3100E94676 /* Build configuration list for PBXNativeTarget "Tip Calculator" */ = {
			isa = XCConfigurationList;
			buildConfigurations = (
				1EC5C97325AFDA3100E94676 /* Debug */,
				1EC5C97425AFDA3100E94676 /* Release */,
			);
			defaultConfigurationIsVisible = 0;
			defaultConfigurationName = Release;
		};
		1EC5C97525AFDA3100E94676 /* Build configuration list for PBXNativeTarget "Tip CalculatorTests" */ = {
			isa = XCConfigurationList;
			buildConfigurations = (
				1EC5C97625AFDA3100E94676 /* Debug */,
				1EC5C97725AFDA3100E94676 /* Release */,
			);
			defaultConfigurationIsVisible = 0;
			defaultConfigurationName = Release;
		};
		1EC5C97825AFDA3100E94676 /* Build configuration list for PBXNativeTarget "Tip CalculatorUITests" */ = {
			isa = XCConfigurationList;
			buildConfigurations = (
				1EC5C97925AFDA3100E94676 /* Debug */,
				1EC5C97A25AFDA3100E94676 /* Release */,
			);
			defaultConfigurationIsVisible = 0;
			defaultConfigurationName = Release;
		};
/* End XCConfigurationList section */
	};
	rootObject = 1EC5C94025AFDA2E00E94676 /* Project object */;
}
